
Microsoft Visual Studio Solution File, Format Version 12.00
# Visual Studio Version 17
VisualStudioVersion = 17.5.002.0
MinimumVisualStudioVersion = 10.0.40219.1
Project("{2150E333-8FDC-42A3-9474-1A3956D46DE8}") = "Homework_7", "Homework_7", "{37521F4B-9DA5-4FF0-9BD5-E1C35DD9AB0A}"
EndProject
Project("{9A19103F-16F7-4668-BE54-9A1E7A4F7556}") = "Task7_1", "Homework_7\Task7_1\Task7_1.csproj", "{D8BA6361-013B-4D32-9BA3-7B81EE86C485}"
EndProject
Project("{9A19103F-16F7-4668-BE54-9A1E7A4F7556}") = "Task7_2", "Homework_7\Task7_2\Task7_2.csproj", "{440DAF92-F51D-47E3-8ABC-EA5D7E5A0710}"
EndProject
Global
	GlobalSection(SolutionConfigurationPlatforms) = preSolution
		Debug|Any CPU = Debug|Any CPU
		Release|Any CPU = Release|Any CPU
	EndGlobalSection
	GlobalSection(ProjectConfigurationPlatforms) = postSolution
		{D8BA6361-013B-4D32-9BA3-7B81EE86C485}.Debug|Any CPU.ActiveCfg = Debug|Any CPU
		{D8BA6361-013B-4D32-9BA3-7B81EE86C485}.Debug|Any CPU.Build.0 = Debug|Any CPU
		{D8BA6361-013B-4D32-9BA3-7B81EE86C485}.Release|Any CPU.ActiveCfg = Release|Any CPU
		{D8BA6361-013B-4D32-9BA3-7B81EE86C485}.Release|Any CPU.Build.0 = Release|Any CPU
		{440DAF92-F51D-47E3-8ABC-EA5D7E5A0710}.Debug|Any CPU.ActiveCfg = Debug|Any CPU
		{440DAF92-F51D-47E3-8ABC-EA5D7E5A0710}.Debug|Any CPU.Build.0 = Debug|Any CPU
		{440DAF92-F51D-47E3-8ABC-EA5D7E5A0710}.Release|Any CPU.ActiveCfg = Release|Any CPU
		{440DAF92-F51D-47E3-8ABC-EA5D7E5A0710}.Release|Any CPU.Build.0 = Release|Any CPU
	EndGlobalSection
	GlobalSection(SolutionProperties) = preSolution
		HideSolutionNode = FALSE
	EndGlobalSection
	GlobalSection(NestedProjects) = preSolution
		{D8BA6361-013B-4D32-9BA3-7B81EE86C485} = {37521F4B-9DA5-4FF0-9BD5-E1C35DD9AB0A}
		{440DAF92-F51D-47E3-8ABC-EA5D7E5A0710} = {37521F4B-9DA5-4FF0-9BD5-E1C35DD9AB0A}
	EndGlobalSection
	GlobalSection(ExtensibilityGlobals) = postSolution
		SolutionGuid = {9545F893-FF0D-4C29-AA3C-B762E6116666}
	EndGlobalSection
EndGlobal
